hash: 0aa08be09753a4d02132810e89f4c91e2fabd59d06c304ea9c9c06ac142a99d3
updated: 2018-03-12T06:08:42.972853833-05:00
imports:
- name: github.com/AkihiroSuda/go-netfilter-queue
  version: ca2804491d55fc5bbf8f82e938d726b763590525
- name: github.com/coreos/go-iptables
  version: b5b1876b170881a8259f036445ee89c8669db386
  subpackages:
  - iptables
- name: github.com/coreos/go-semver
  version: 8ab6407b697782a06568d4b7f1db25550ec2e4c6
  subpackages:
  - semver
- name: github.com/google/gopacket
  version: 11c65f1ca9081dfea43b4f9643f5c155583b73ba
  subpackages:
  - layers
- name: github.com/janeczku/go-ipset
  version: aea1e2c26cde566a44b17ce781f9104776aa15da
  subpackages:
  - ipset
- name: github.com/Sirupsen/logrus
  version: c155da19408a8799da419ed3eeb0cb5db0ad5dbc
- name: github.com/vishvananda/netns
  version: be1fbeda19366dea804f00efff2dd73a1642fdcc
- name: golang.org/x/crypto
  version: c7dcf104e3a7a1417abc0230cb0d5240d764159d
  subpackages:
  - ssh/terminal
- name: golang.org/x/sys
  version: 5513e650ab47a692d3a036d49be8fa52ddd09b65
  subpackages:
  - unix
  - windows
testImports: []
