github.com/AkihiroSuda/go-netfilter-queue v0.0.0-20180121122701-ca2804491d55 h1:wp4/8knQcdhNG1tGhJYZTNQSEPRoVLA4uQmcBibI+5U=
github.com/AkihiroSuda/go-netfilter-queue v0.0.0-20180121122701-ca2804491d55/go.mod h1:YGzQlV4fMhuLJYPiDSghqTdbISzAZT9O3ficmZsWJu4=
github.com/Sirupsen/logrus v1.0.5 h1:447dy9LxSj+Iaa2uN3yoFHOzU9yJcJYiQPtNz8OXtv0=
github.com/Sirupsen/logrus v1.0.5/go.mod h1:rmk17hk6i8ZSAJkSDa7nOxamrG+SP4P0mm+DAvExv4U=
github.com/coreos/go-iptables v0.3.0 h1:UTQkjHl9rPwwtXZhXbY3T932cV9aUnKlSsZ7YGfJVXM=
github.com/coreos/go-iptables v0.3.0/go.mod h1:/mVI274lEDI2ns62jHCDnCyBF9Iwsmekav8Dbxlm1MU=
github.com/coreos/go-semver v0.2.0 h1:3Jm3tLmsgAYcjC+4Up7hJrFBPr+n7rAqYeSw/SZazuY=
github.com/coreos/go-semver v0.2.0/go.mod h1:nnelYz7RCh+5ahJtPPxZlU+153eP4D4r3EedlOD2RNk=
github.com/google/gopacket v1.1.14 h1:1+TEhSu8Mh154ZBVjyd1Nt2Bb7cnyOeE3GQyb1WGLqI=
github.com/google/gopacket v1.1.14/go.mod h1:UCLx9mCmAwsVbn6qQl1WIEt2SO7Nd2fD0th1TBAsqBw=
github.com/janeczku/go-ipset v0.1.0 h1:NJiyO+q4iXrym/qn7C1QfTyC/fOdC6v38BK/E594o20=
github.com/janeczku/go-ipset v0.1.0/go.mod h1:ODSf7OwsjH7j/RXRA+s88JB6PMMBe9U/uZE3OJVA5bM=
github.com/vishvananda/netns v0.0.0-20171111001504-be1fbeda1936 h1:J9gO8RJCAFlln1jsvRba/CWVUnMHwObklfxxjErl1uk=
github.com/vishvananda/netns v0.0.0-20171111001504-be1fbeda1936/go.mod h1:ZjcWmFBXmLKZu9Nxj3WKYEafiSqer2rnvPr0en9UNpI=
golang.org/x/crypto v0.0.0-20180308185624-c7dcf104e3a7 h1:c9Tyi4qyEZwEJ1+Zm6Fcqf+68wmUdMzfXYTp3s8Nzg8=
golang.org/x/crypto v0.0.0-20180308185624-c7dcf104e3a7/go.mod h1:6SG95UA2DQfeDnfUPMdvaQW0Q7yPrPDi9nlGo2tz2b4=
golang.org/x/sys v0.0.0-20170908132636-5513e650ab47 h1:aldL3R2K005yKkxCpPQ1n9wSP9B+CtegTypbqhyOdxE=
golang.org/x/sys v0.0.0-20170908132636-5513e650ab47/go.mod h1:STP8DvDyc/dI5b8T5hshtkjS+E42TnysNCUPdjciGhY=
